<?xml version="1.0" encoding="utf-8"?>
<Project ToolsVersion="4.0" xmlns="http://schemas.microsoft.com/developer/msbuild/2003">
  <ItemGroup>
    <ClCompile Include="bob.cpp" />
    <ClCompile Include="BobSlashStuff.cpp" />
    <ClCompile Include="entity.cpp" />
    <ClCompile Include="game.cpp" />
    <ClCompile Include="graphics.cpp" />
    <ClCompile Include="image.cpp" />
    <ClCompile Include="input.cpp" />
    <ClCompile Include="planet.cpp" />
    <ClCompile Include="player.cpp" />
    <ClCompile Include="ship.cpp" />
    <ClCompile Include="spacewar.cpp" />
    <ClCompile Include="textureManager.cpp" />
    <ClCompile Include="tile.cpp" />
    <ClCompile Include="transform.cpp" />
    <ClCompile Include="winmain.cpp" />
    <ClCompile Include="NPC.cpp" />
    <ClCompile Include="Projectile.cpp" />
    <ClCompile Include="playerAttack.cpp" />
    <ClCompile Include="Item.cpp" />
    <ClCompile Include="PlayerWeapon.cpp" />
  </ItemGroup>
  <ItemGroup>
    <ClInclude Include="transform.h" />
    <ClInclude Include="bob.h" />
    <ClInclude Include="BobSlashStuff.h" />
    <ClInclude Include="constants.h" />
    <ClInclude Include="entity.h" />
    <ClInclude Include="game.h" />
    <ClInclude Include="gameError.h" />
    <ClInclude Include="graphics.h" />
    <ClInclude Include="image.h" />
    <ClInclude Include="input.h" />
    <ClInclude Include="planet.h" />
    <ClInclude Include="player.h" />
    <ClInclude Include="rapidxml-1.13\rapidxml.hpp" />
    <ClInclude Include="ship.h" />
    <ClInclude Include="spacewar.h" />
    <ClInclude Include="textureManager.h" />
    <ClInclude Include="tile.h" />
    <ClInclude Include="NPC.h" />
    <ClInclude Include="transform.h" />
    <ClInclude Include="Projectile.h" />
    <ClInclude Include="playerAttack.h" />
    <ClInclude Include="Item.h" />
    <ClInclude Include="PlayerWeapon.h" />
  </ItemGroup>
</Project>